
Microsoft Visual Studio Solution File, Format Version 12.00
# Visual Studio 15
VisualStudioVersion = 15.0.28010.2016
MinimumVisualStudioVersion = 10.0.40219.1
Project("{FAE04EC0-301F-11D3-BF4B-00C04F79EFBC}") = "Sales.Android", "Sales\Sales.Android\Sales.Android.csproj", "{8802D61B-5083-4A39-9EFC-1BFCA6E95DEA}"
EndProject
Project("{FAE04EC0-301F-11D3-BF4B-00C04F79EFBC}") = "Sales.iOS", "Sales\Sales.iOS\Sales.iOS.csproj", "{F0D057C3-B41C-4696-A367-14F9FEEDB73F}"
EndProject
Project("{FAE04EC0-301F-11D3-BF4B-00C04F79EFBC}") = "Sales", "Sales\Sales\Sales.csproj", "{1D687B91-10D2-4060-98F3-F1890951A070}"
EndProject
Project("{FAE04EC0-301F-11D3-BF4B-00C04F79EFBC}") = "Sales.Backend", "Sales.Backend\Sales.Backend.csproj", "{897DD59D-4996-42B2-A27F-F91192CDA1DA}"
EndProject
Project("{FAE04EC0-301F-11D3-BF4B-00C04F79EFBC}") = "Sales.API", "Sales.API\Sales.API.csproj", "{3A182E31-BDF8-4975-8B37-2A2150338DB3}"
EndProject
Project("{FAE04EC0-301F-11D3-BF4B-00C04F79EFBC}") = "Sales.Domain", "Sales.Domain\Sales.Domain.csproj", "{6363C85D-50BA-4202-8D42-920F48647863}"
EndProject
Project("{FAE04EC0-301F-11D3-BF4B-00C04F79EFBC}") = "Sales.Common", "Sales.Common\Sales.Common.csproj", "{A5ED8076-EAFA-42CE-B357-AEE51F1B161C}"
EndProject
Global
	GlobalSection(SolutionConfigurationPlatforms) = preSolution
		Ad-Hoc|Any CPU = Ad-Hoc|Any CPU
		Ad-Hoc|iPhone = Ad-Hoc|iPhone
		Ad-Hoc|iPhoneSimulator = Ad-Hoc|iPhoneSimulator
		AppStore|Any CPU = AppStore|Any CPU
		AppStore|iPhone = AppStore|iPhone
		AppStore|iPhoneSimulator = AppStore|iPhoneSimulator
		Debug|Any CPU = Debug|Any CPU
		Debug|iPhone = Debug|iPhone
		Debug|iPhoneSimulator = Debug|iPhoneSimulator
		Release|Any CPU = Release|Any CPU
		Release|iPhone = Release|iPhone
		Release|iPhoneSimulator = Release|iPhoneSimulator
	EndGlobalSection
	GlobalSection(ProjectConfigurationPlatforms) = postSolution
		{8802D61B-5083-4A39-9EFC-1BFCA6E95DEA}.Ad-Hoc|Any CPU.ActiveCfg = Release|Any CPU
		{8802D61B-5083-4A39-9EFC-1BFCA6E95DEA}.Ad-Hoc|Any CPU.Build.0 = Release|Any CPU
		{8802D61B-5083-4A39-9EFC-1BFCA6E95DEA}.Ad-Hoc|Any CPU.Deploy.0 = Release|Any CPU
		{8802D61B-5083-4A39-9EFC-1BFCA6E95DEA}.Ad-Hoc|iPhone.ActiveCfg = Release|Any CPU
		{8802D61B-5083-4A39-9EFC-1BFCA6E95DEA}.Ad-Hoc|iPhone.Build.0 = Release|Any CPU
		{8802D61B-5083-4A39-9EFC-1BFCA6E95DEA}.Ad-Hoc|iPhone.Deploy.0 = Release|Any CPU
		{8802D61B-5083-4A39-9EFC-1BFCA6E95DEA}.Ad-Hoc|iPhoneSimulator.ActiveCfg = Release|Any CPU
		{8802D61B-5083-4A39-9EFC-1BFCA6E95DEA}.Ad-Hoc|iPhoneSimulator.Build.0 = Release|Any CPU
		{8802D61B-5083-4A39-9EFC-1BFCA6E95DEA}.Ad-Hoc|iPhoneSimulator.Deploy.0 = Release|Any CPU
		{8802D61B-5083-4A39-9EFC-1BFCA6E95DEA}.AppStore|Any CPU.ActiveCfg = Release|Any CPU
		{8802D61B-5083-4A39-9EFC-1BFCA6E95DEA}.AppStore|Any CPU.Build.0 = Release|Any CPU
		{8802D61B-5083-4A39-9EFC-1BFCA6E95DEA}.AppStore|Any CPU.Deploy.0 = Release|Any CPU
		{8802D61B-5083-4A39-9EFC-1BFCA6E95DEA}.AppStore|iPhone.ActiveCfg = Release|Any CPU
		{8802D61B-5083-4A39-9EFC-1BFCA6E95DEA}.AppStore|iPhone.Build.0 = Release|Any CPU
		{8802D61B-5083-4A39-9EFC-1BFCA6E95DEA}.AppStore|iPhone.Deploy.0 = Release|Any CPU
		{8802D61B-5083-4A39-9EFC-1BFCA6E95DEA}.AppStore|iPhoneSimulator.ActiveCfg = Release|Any CPU
		{8802D61B-5083-4A39-9EFC-1BFCA6E95DEA}.AppStore|iPhoneSimulator.Build.0 = Release|Any CPU
		{8802D61B-5083-4A39-9EFC-1BFCA6E95DEA}.AppStore|iPhoneSimulator.Deploy.0 = Release|Any CPU
		{8802D61B-5083-4A39-9EFC-1BFCA6E95DEA}.Debug|Any CPU.ActiveCfg = Debug|Any CPU
		{8802D61B-5083-4A39-9EFC-1BFCA6E95DEA}.Debug|Any CPU.Build.0 = Debug|Any CPU
		{8802D61B-5083-4A39-9EFC-1BFCA6E95DEA}.Debug|Any CPU.Deploy.0 = Debug|Any CPU
		{8802D61B-5083-4A39-9EFC-1BFCA6E95DEA}.Debug|iPhone.ActiveCfg = Debug|Any CPU
		{8802D61B-5083-4A39-9EFC-1BFCA6E95DEA}.Debug|iPhone.Build.0 = Debug|Any CPU
		{8802D61B-5083-4A39-9EFC-1BFCA6E95DEA}.Debug|iPhone.Deploy.0 = Debug|Any CPU
		{8802D61B-5083-4A39-9EFC-1BFCA6E95DEA}.Debug|iPhoneSimulator.ActiveCfg = Debug|Any CPU
		{8802D61B-5083-4A39-9EFC-1BFCA6E95DEA}.Debug|iPhoneSimulator.Build.0 = Debug|Any CPU
		{8802D61B-5083-4A39-9EFC-1BFCA6E95DEA}.Debug|iPhoneSimulator.Deploy.0 = Debug|Any CPU
		{8802D61B-5083-4A39-9EFC-1BFCA6E95DEA}.Release|Any CPU.ActiveCfg = Release|Any CPU
		{8802D61B-5083-4A39-9EFC-1BFCA6E95DEA}.Release|Any CPU.Build.0 = Release|Any CPU
		{8802D61B-5083-4A39-9EFC-1BFCA6E95DEA}.Release|Any CPU.Deploy.0 = Release|Any CPU
		{8802D61B-5083-4A39-9EFC-1BFCA6E95DEA}.Release|iPhone.ActiveCfg = Release|Any CPU
		{8802D61B-5083-4A39-9EFC-1BFCA6E95DEA}.Release|iPhone.Build.0 = Release|Any CPU
		{8802D61B-5083-4A39-9EFC-1BFCA6E95DEA}.Release|iPhone.Deploy.0 = Release|Any CPU
		{8802D61B-5083-4A39-9EFC-1BFCA6E95DEA}.Release|iPhoneSimulator.ActiveCfg = Release|Any CPU
		{8802D61B-5083-4A39-9EFC-1BFCA6E95DEA}.Release|iPhoneSimulator.Build.0 = Release|Any CPU
		{8802D61B-5083-4A39-9EFC-1BFCA6E95DEA}.Release|iPhoneSimulator.Deploy.0 = Release|Any CPU
		{F0D057C3-B41C-4696-A367-14F9FEEDB73F}.Ad-Hoc|Any CPU.ActiveCfg = Ad-Hoc|iPhone
		{F0D057C3-B41C-4696-A367-14F9FEEDB73F}.Ad-Hoc|Any CPU.Build.0 = Ad-Hoc|iPhone
		{F0D057C3-B41C-4696-A367-14F9FEEDB73F}.Ad-Hoc|Any CPU.Deploy.0 = Ad-Hoc|iPhone
		{F0D057C3-B41C-4696-A367-14F9FEEDB73F}.Ad-Hoc|iPhone.ActiveCfg = Ad-Hoc|iPhone
		{F0D057C3-B41C-4696-A367-14F9FEEDB73F}.Ad-Hoc|iPhone.Build.0 = Ad-Hoc|iPhone
		{F0D057C3-B41C-4696-A367-14F9FEEDB73F}.Ad-Hoc|iPhone.Deploy.0 = Ad-Hoc|iPhone
		{F0D057C3-B41C-4696-A367-14F9FEEDB73F}.Ad-Hoc|iPhoneSimulator.ActiveCfg = Ad-Hoc|iPhoneSimulator
		{F0D057C3-B41C-4696-A367-14F9FEEDB73F}.Ad-Hoc|iPhoneSimulator.Build.0 = Ad-Hoc|iPhoneSimulator
		{F0D057C3-B41C-4696-A367-14F9FEEDB73F}.Ad-Hoc|iPhoneSimulator.Deploy.0 = Ad-Hoc|iPhoneSimulator
		{F0D057C3-B41C-4696-A367-14F9FEEDB73F}.AppStore|Any CPU.ActiveCfg = AppStore|iPhone
		{F0D057C3-B41C-4696-A367-14F9FEEDB73F}.AppStore|Any CPU.Build.0 = AppStore|iPhone
		{F0D057C3-B41C-4696-A367-14F9FEEDB73F}.AppStore|Any CPU.Deploy.0 = AppStore|iPhone
		{F0D057C3-B41C-4696-A367-14F9FEEDB73F}.AppStore|iPhone.ActiveCfg = AppStore|iPhone
		{F0D057C3-B41C-4696-A367-14F9FEEDB73F}.AppStore|iPhone.Build.0 = AppStore|iPhone
		{F0D057C3-B41C-4696-A367-14F9FEEDB73F}.AppStore|iPhone.Deploy.0 = AppStore|iPhone
		{F0D057C3-B41C-4696-A367-14F9FEEDB73F}.AppStore|iPhoneSimulator.ActiveCfg = AppStore|iPhoneSimulator
		{F0D057C3-B41C-4696-A367-14F9FEEDB73F}.AppStore|iPhoneSimulator.Build.0 = AppStore|iPhoneSimulator
		{F0D057C3-B41C-4696-A367-14F9FEEDB73F}.AppStore|iPhoneSimulator.Deploy.0 = AppStore|iPhoneSimulator
		{F0D057C3-B41C-4696-A367-14F9FEEDB73F}.Debug|Any CPU.ActiveCfg = Debug|iPhoneSimulator
		{F0D057C3-B41C-4696-A367-14F9FEEDB73F}.Debug|Any CPU.Build.0 = Debug|iPhoneSimulator
		{F0D057C3-B41C-4696-A367-14F9FEEDB73F}.Debug|Any CPU.Deploy.0 = Debug|iPhoneSimulator
		{F0D057C3-B41C-4696-A367-14F9FEEDB73F}.Debug|iPhone.ActiveCfg = Debug|iPhone
		{F0D057C3-B41C-4696-A367-14F9FEEDB73F}.Debug|iPhone.Build.0 = Debug|iPhone
		{F0D057C3-B41C-4696-A367-14F9FEEDB73F}.Debug|iPhone.Deploy.0 = Debug|iPhone
		{F0D057C3-B41C-4696-A367-14F9FEEDB73F}.Debug|iPhoneSimulator.ActiveCfg = Debug|iPhoneSimulator
		{F0D057C3-B41C-4696-A367-14F9FEEDB73F}.Debug|iPhoneSimulator.Build.0 = Debug|iPhoneSimulator
		{F0D057C3-B41C-4696-A367-14F9FEEDB73F}.Debug|iPhoneSimulator.Deploy.0 = Debug|iPhoneSimulator
		{F0D057C3-B41C-4696-A367-14F9FEEDB73F}.Release|Any CPU.ActiveCfg = Release|iPhone
		{F0D057C3-B41C-4696-A367-14F9FEEDB73F}.Release|Any CPU.Build.0 = Release|iPhone
		{F0D057C3-B41C-4696-A367-14F9FEEDB73F}.Release|Any CPU.Deploy.0 = Release|iPhone
		{F0D057C3-B41C-4696-A367-14F9FEEDB73F}.Release|iPhone.ActiveCfg = Release|iPhone
		{F0D057C3-B41C-4696-A367-14F9FEEDB73F}.Release|iPhone.Build.0 = Release|iPhone
		{F0D057C3-B41C-4696-A367-14F9FEEDB73F}.Release|iPhone.Deploy.0 = Release|iPhone
		{F0D057C3-B41C-4696-A367-14F9FEEDB73F}.Release|iPhoneSimulator.ActiveCfg = Release|iPhoneSimulator
		{F0D057C3-B41C-4696-A367-14F9FEEDB73F}.Release|iPhoneSimulator.Build.0 = Release|iPhoneSimulator
		{F0D057C3-B41C-4696-A367-14F9FEEDB73F}.Release|iPhoneSimulator.Deploy.0 = Release|iPhoneSimulator
		{1D687B91-10D2-4060-98F3-F1890951A070}.Ad-Hoc|Any CPU.ActiveCfg = Debug|Any CPU
		{1D687B91-10D2-4060-98F3-F1890951A070}.Ad-Hoc|Any CPU.Build.0 = Debug|Any CPU
		{1D687B91-10D2-4060-98F3-F1890951A070}.Ad-Hoc|Any CPU.Deploy.0 = Debug|Any CPU
		{1D687B91-10D2-4060-98F3-F1890951A070}.Ad-Hoc|iPhone.ActiveCfg = Debug|Any CPU
		{1D687B91-10D2-4060-98F3-F1890951A070}.Ad-Hoc|iPhone.Build.0 = Debug|Any CPU
		{1D687B91-10D2-4060-98F3-F1890951A070}.Ad-Hoc|iPhone.Deploy.0 = Debug|Any CPU
		{1D687B91-10D2-4060-98F3-F1890951A070}.Ad-Hoc|iPhoneSimulator.ActiveCfg = Debug|Any CPU
		{1D687B91-10D2-4060-98F3-F1890951A070}.Ad-Hoc|iPhoneSimulator.Build.0 = Debug|Any CPU
		{1D687B91-10D2-4060-98F3-F1890951A070}.Ad-Hoc|iPhoneSimulator.Deploy.0 = Debug|Any CPU
		{1D687B91-10D2-4060-98F3-F1890951A070}.AppStore|Any CPU.ActiveCfg = Debug|Any CPU
		{1D687B91-10D2-4060-98F3-F1890951A070}.AppStore|Any CPU.Build.0 = Debug|Any CPU
		{1D687B91-10D2-4060-98F3-F1890951A070}.AppStore|Any CPU.Deploy.0 = Debug|Any CPU
		{1D687B91-10D2-4060-98F3-F1890951A070}.AppStore|iPhone.ActiveCfg = Debug|Any CPU
		{1D687B91-10D2-4060-98F3-F1890951A070}.AppStore|iPhone.Build.0 = Debug|Any CPU
		{1D687B91-10D2-4060-98F3-F1890951A070}.AppStore|iPhone.Deploy.0 = Debug|Any CPU
		{1D687B91-10D2-4060-98F3-F1890951A070}.AppStore|iPhoneSimulator.ActiveCfg = Debug|Any CPU
		{1D687B91-10D2-4060-98F3-F1890951A070}.AppStore|iPhoneSimulator.Build.0 = Debug|Any CPU
		{1D687B91-10D2-4060-98F3-F1890951A070}.AppStore|iPhoneSimulator.Deploy.0 = Debug|Any CPU
		{1D687B91-10D2-4060-98F3-F1890951A070}.Debug|Any CPU.ActiveCfg = Debug|Any CPU
		{1D687B91-10D2-4060-98F3-F1890951A070}.Debug|Any CPU.Build.0 = Debug|Any CPU
		{1D687B91-10D2-4060-98F3-F1890951A070}.Debug|Any CPU.Deploy.0 = Debug|Any CPU
		{1D687B91-10D2-4060-98F3-F1890951A070}.Debug|iPhone.ActiveCfg = Debug|Any CPU
		{1D687B91-10D2-4060-98F3-F1890951A070}.Debug|iPhone.Build.0 = Debug|Any CPU
		{1D687B91-10D2-4060-98F3-F1890951A070}.Debug|iPhone.Deploy.0 = Debug|Any CPU
		{1D687B91-10D2-4060-98F3-F1890951A070}.Debug|iPhoneSimulator.ActiveCfg = Debug|Any CPU
		{1D687B91-10D2-4060-98F3-F1890951A070}.Debug|iPhoneSimulator.Build.0 = Debug|Any CPU
		{1D687B91-10D2-4060-98F3-F1890951A070}.Debug|iPhoneSimulator.Deploy.0 = Debug|Any CPU
		{1D687B91-10D2-4060-98F3-F1890951A070}.Release|Any CPU.ActiveCfg = Release|Any CPU
		{1D687B91-10D2-4060-98F3-F1890951A070}.Release|Any CPU.Build.0 = Release|Any CPU
		{1D687B91-10D2-4060-98F3-F1890951A070}.Release|Any CPU.Deploy.0 = Release|Any CPU
		{1D687B91-10D2-4060-98F3-F1890951A070}.Release|iPhone.ActiveCfg = Release|Any CPU
		{1D687B91-10D2-4060-98F3-F1890951A070}.Release|iPhone.Build.0 = Release|Any CPU
		{1D687B91-10D2-4060-98F3-F1890951A070}.Release|iPhone.Deploy.0 = Release|Any CPU
		{1D687B91-10D2-4060-98F3-F1890951A070}.Release|iPhoneSimulator.ActiveCfg = Release|Any CPU
		{1D687B91-10D2-4060-98F3-F1890951A070}.Release|iPhoneSimulator.Build.0 = Release|Any CPU
		{1D687B91-10D2-4060-98F3-F1890951A070}.Release|iPhoneSimulator.Deploy.0 = Release|Any CPU
		{897DD59D-4996-42B2-A27F-F91192CDA1DA}.Ad-Hoc|Any CPU.ActiveCfg = Release|Any CPU
		{897DD59D-4996-42B2-A27F-F91192CDA1DA}.Ad-Hoc|Any CPU.Build.0 = Release|Any CPU
		{897DD59D-4996-42B2-A27F-F91192CDA1DA}.Ad-Hoc|iPhone.ActiveCfg = Release|Any CPU
		{897DD59D-4996-42B2-A27F-F91192CDA1DA}.Ad-Hoc|iPhone.Build.0 = Release|Any CPU
		{897DD59D-4996-42B2-A27F-F91192CDA1DA}.Ad-Hoc|iPhoneSimulator.ActiveCfg = Release|Any CPU
		{897DD59D-4996-42B2-A27F-F91192CDA1DA}.Ad-Hoc|iPhoneSimulator.Build.0 = Release|Any CPU
		{897DD59D-4996-42B2-A27F-F91192CDA1DA}.AppStore|Any CPU.ActiveCfg = Release|Any CPU
		{897DD59D-4996-42B2-A27F-F91192CDA1DA}.AppStore|Any CPU.Build.0 = Release|Any CPU
		{897DD59D-4996-42B2-A27F-F91192CDA1DA}.AppStore|iPhone.ActiveCfg = Release|Any CPU
		{897DD59D-4996-42B2-A27F-F91192CDA1DA}.AppStore|iPhone.Build.0 = Release|Any CPU
		{897DD59D-4996-42B2-A27F-F91192CDA1DA}.AppStore|iPhoneSimulator.ActiveCfg = Release|Any CPU
		{897DD59D-4996-42B2-A27F-F91192CDA1DA}.AppStore|iPhoneSimulator.Build.0 = Release|Any CPU
		{897DD59D-4996-42B2-A27F-F91192CDA1DA}.Debug|Any CPU.ActiveCfg = Debug|Any CPU
		{897DD59D-4996-42B2-A27F-F91192CDA1DA}.Debug|Any CPU.Build.0 = Debug|Any CPU
		{897DD59D-4996-42B2-A27F-F91192CDA1DA}.Debug|iPhone.ActiveCfg = Debug|Any CPU
		{897DD59D-4996-42B2-A27F-F91192CDA1DA}.Debug|iPhone.Build.0 = Debug|Any CPU
		{897DD59D-4996-42B2-A27F-F91192CDA1DA}.Debug|iPhoneSimulator.ActiveCfg = Debug|Any CPU
		{897DD59D-4996-42B2-A27F-F91192CDA1DA}.Debug|iPhoneSimulator.Build.0 = Debug|Any CPU
		{897DD59D-4996-42B2-A27F-F91192CDA1DA}.Release|Any CPU.ActiveCfg = Release|Any CPU
		{897DD59D-4996-42B2-A27F-F91192CDA1DA}.Release|Any CPU.Build.0 = Release|Any CPU
		{897DD59D-4996-42B2-A27F-F91192CDA1DA}.Release|iPhone.ActiveCfg = Release|Any CPU
		{897DD59D-4996-42B2-A27F-F91192CDA1DA}.Release|iPhone.Build.0 = Release|Any CPU
		{897DD59D-4996-42B2-A27F-F91192CDA1DA}.Release|iPhoneSimulator.ActiveCfg = Release|Any CPU
		{897DD59D-4996-42B2-A27F-F91192CDA1DA}.Release|iPhoneSimulator.Build.0 = Release|Any CPU
		{3A182E31-BDF8-4975-8B37-2A2150338DB3}.Ad-Hoc|Any CPU.ActiveCfg = Release|Any CPU
		{3A182E31-BDF8-4975-8B37-2A2150338DB3}.Ad-Hoc|Any CPU.Build.0 = Release|Any CPU
		{3A182E31-BDF8-4975-8B37-2A2150338DB3}.Ad-Hoc|iPhone.ActiveCfg = Release|Any CPU
		{3A182E31-BDF8-4975-8B37-2A2150338DB3}.Ad-Hoc|iPhone.Build.0 = Release|Any CPU
		{3A182E31-BDF8-4975-8B37-2A2150338DB3}.Ad-Hoc|iPhoneSimulator.ActiveCfg = Release|Any CPU
		{3A182E31-BDF8-4975-8B37-2A2150338DB3}.Ad-Hoc|iPhoneSimulator.Build.0 = Release|Any CPU
		{3A182E31-BDF8-4975-8B37-2A2150338DB3}.AppStore|Any CPU.ActiveCfg = Release|Any CPU
		{3A182E31-BDF8-4975-8B37-2A2150338DB3}.AppStore|Any CPU.Build.0 = Release|Any CPU
		{3A182E31-BDF8-4975-8B37-2A2150338DB3}.AppStore|iPhone.ActiveCfg = Release|Any CPU
		{3A182E31-BDF8-4975-8B37-2A2150338DB3}.AppStore|iPhone.Build.0 = Release|Any CPU
		{3A182E31-BDF8-4975-8B37-2A2150338DB3}.AppStore|iPhoneSimulator.ActiveCfg = Release|Any CPU
		{3A182E31-BDF8-4975-8B37-2A2150338DB3}.AppStore|iPhoneSimulator.Build.0 = Release|Any CPU
		{3A182E31-BDF8-4975-8B37-2A2150338DB3}.Debug|Any CPU.ActiveCfg = Debug|Any CPU
		{3A182E31-BDF8-4975-8B37-2A2150338DB3}.Debug|Any CPU.Build.0 = Debug|Any CPU
		{3A182E31-BDF8-4975-8B37-2A2150338DB3}.Debug|iPhone.ActiveCfg = Debug|Any CPU
		{3A182E31-BDF8-4975-8B37-2A2150338DB3}.Debug|iPhone.Build.0 = Debug|Any CPU
		{3A182E31-BDF8-4975-8B37-2A2150338DB3}.Debug|iPhoneSimulator.ActiveCfg = Debug|Any CPU
		{3A182E31-BDF8-4975-8B37-2A2150338DB3}.Debug|iPhoneSimulator.Build.0 = Debug|Any CPU
		{3A182E31-BDF8-4975-8B37-2A2150338DB3}.Release|Any CPU.ActiveCfg = Release|Any CPU
		{3A182E31-BDF8-4975-8B37-2A2150338DB3}.Release|Any CPU.Build.0 = Release|Any CPU
		{3A182E31-BDF8-4975-8B37-2A2150338DB3}.Release|iPhone.ActiveCfg = Release|Any CPU
		{3A182E31-BDF8-4975-8B37-2A2150338DB3}.Release|iPhone.Build.0 = Release|Any CPU
		{3A182E31-BDF8-4975-8B37-2A2150338DB3}.Release|iPhoneSimulator.ActiveCfg = Release|Any CPU
		{3A182E31-BDF8-4975-8B37-2A2150338DB3}.Release|iPhoneSimulator.Build.0 = Release|Any CPU
		{6363C85D-50BA-4202-8D42-920F48647863}.Ad-Hoc|Any CPU.ActiveCfg = Release|Any CPU
		{6363C85D-50BA-4202-8D42-920F48647863}.Ad-Hoc|Any CPU.Build.0 = Release|Any CPU
		{6363C85D-50BA-4202-8D42-920F48647863}.Ad-Hoc|iPhone.ActiveCfg = Release|Any CPU
		{6363C85D-50BA-4202-8D42-920F48647863}.Ad-Hoc|iPhone.Build.0 = Release|Any CPU
		{6363C85D-50BA-4202-8D42-920F48647863}.Ad-Hoc|iPhoneSimulator.ActiveCfg = Release|Any CPU
		{6363C85D-50BA-4202-8D42-920F48647863}.Ad-Hoc|iPhoneSimulator.Build.0 = Release|Any CPU
		{6363C85D-50BA-4202-8D42-920F48647863}.AppStore|Any CPU.ActiveCfg = Release|Any CPU
		{6363C85D-50BA-4202-8D42-920F48647863}.AppStore|Any CPU.Build.0 = Release|Any CPU
		{6363C85D-50BA-4202-8D42-920F48647863}.AppStore|iPhone.ActiveCfg = Release|Any CPU
		{6363C85D-50BA-4202-8D42-920F48647863}.AppStore|iPhone.Build.0 = Release|Any CPU
		{6363C85D-50BA-4202-8D42-920F48647863}.AppStore|iPhoneSimulator.ActiveCfg = Release|Any CPU
		{6363C85D-50BA-4202-8D42-920F48647863}.AppStore|iPhoneSimulator.Build.0 = Release|Any CPU
		{6363C85D-50BA-4202-8D42-920F48647863}.Debug|Any CPU.ActiveCfg = Debug|Any CPU
		{6363C85D-50BA-4202-8D42-920F48647863}.Debug|Any CPU.Build.0 = Debug|Any CPU
		{6363C85D-50BA-4202-8D42-920F48647863}.Debug|iPhone.ActiveCfg = Debug|Any CPU
		{6363C85D-50BA-4202-8D42-920F48647863}.Debug|iPhone.Build.0 = Debug|Any CPU
		{6363C85D-50BA-4202-8D42-920F48647863}.Debug|iPhoneSimulator.ActiveCfg = Debug|Any CPU
		{6363C85D-50BA-4202-8D42-920F48647863}.Debug|iPhoneSimulator.Build.0 = Debug|Any CPU
		{6363C85D-50BA-4202-8D42-920F48647863}.Release|Any CPU.ActiveCfg = Release|Any CPU
		{6363C85D-50BA-4202-8D42-920F48647863}.Release|Any CPU.Build.0 = Release|Any CPU
		{6363C85D-50BA-4202-8D42-920F48647863}.Release|iPhone.ActiveCfg = Release|Any CPU
		{6363C85D-50BA-4202-8D42-920F48647863}.Release|iPhone.Build.0 = Release|Any CPU
		{6363C85D-50BA-4202-8D42-920F48647863}.Release|iPhoneSimulator.ActiveCfg = Release|Any CPU
		{6363C85D-50BA-4202-8D42-920F48647863}.Release|iPhoneSimulator.Build.0 = Release|Any CPU
		{A5ED8076-EAFA-42CE-B357-AEE51F1B161C}.Ad-Hoc|Any CPU.ActiveCfg = Release|Any CPU
		{A5ED8076-EAFA-42CE-B357-AEE51F1B161C}.Ad-Hoc|Any CPU.Build.0 = Release|Any CPU
		{A5ED8076-EAFA-42CE-B357-AEE51F1B161C}.Ad-Hoc|iPhone.ActiveCfg = Release|Any CPU
		{A5ED8076-EAFA-42CE-B357-AEE51F1B161C}.Ad-Hoc|iPhone.Build.0 = Release|Any CPU
		{A5ED8076-EAFA-42CE-B357-AEE51F1B161C}.Ad-Hoc|iPhoneSimulator.ActiveCfg = Release|Any CPU
		{A5ED8076-EAFA-42CE-B357-AEE51F1B161C}.Ad-Hoc|iPhoneSimulator.Build.0 = Release|Any CPU
		{A5ED8076-EAFA-42CE-B357-AEE51F1B161C}.AppStore|Any CPU.ActiveCfg = Release|Any CPU
		{A5ED8076-EAFA-42CE-B357-AEE51F1B161C}.AppStore|Any CPU.Build.0 = Release|Any CPU
		{A5ED8076-EAFA-42CE-B357-AEE51F1B161C}.AppStore|iPhone.ActiveCfg = Release|Any CPU
		{A5ED8076-EAFA-42CE-B357-AEE51F1B161C}.AppStore|iPhone.Build.0 = Release|Any CPU
		{A5ED8076-EAFA-42CE-B357-AEE51F1B161C}.AppStore|iPhoneSimulator.ActiveCfg = Release|Any CPU
		{A5ED8076-EAFA-42CE-B357-AEE51F1B161C}.AppStore|iPhoneSimulator.Build.0 = Release|Any CPU
		{A5ED8076-EAFA-42CE-B357-AEE51F1B161C}.Debug|Any CPU.ActiveCfg = Debug|Any CPU
		{A5ED8076-EAFA-42CE-B357-AEE51F1B161C}.Debug|Any CPU.Build.0 = Debug|Any CPU
		{A5ED8076-EAFA-42CE-B357-AEE51F1B161C}.Debug|iPhone.ActiveCfg = Debug|Any CPU
		{A5ED8076-EAFA-42CE-B357-AEE51F1B161C}.Debug|iPhone.Build.0 = Debug|Any CPU
		{A5ED8076-EAFA-42CE-B357-AEE51F1B161C}.Debug|iPhoneSimulator.ActiveCfg = Debug|Any CPU
		{A5ED8076-EAFA-42CE-B357-AEE51F1B161C}.Debug|iPhoneSimulator.Build.0 = Debug|Any CPU
		{A5ED8076-EAFA-42CE-B357-AEE51F1B161C}.Release|Any CPU.ActiveCfg = Release|Any CPU
		{A5ED8076-EAFA-42CE-B357-AEE51F1B161C}.Release|Any CPU.Build.0 = Release|Any CPU
		{A5ED8076-EAFA-42CE-B357-AEE51F1B161C}.Release|iPhone.ActiveCfg = Release|Any CPU
		{A5ED8076-EAFA-42CE-B357-AEE51F1B161C}.Release|iPhone.Build.0 = Release|Any CPU
		{A5ED8076-EAFA-42CE-B357-AEE51F1B161C}.Release|iPhoneSimulator.ActiveCfg = Release|Any CPU
		{A5ED8076-EAFA-42CE-B357-AEE51F1B161C}.Release|iPhoneSimulator.Build.0 = Release|Any CPU
	EndGlobalSection
	GlobalSection(SolutionProperties) = preSolution
		HideSolutionNode = FALSE
	EndGlobalSection
	GlobalSection(ExtensibilityGlobals) = postSolution
		SolutionGuid = {CF3A5114-409B-4B90-8DD7-776B6116C66E}
	EndGlobalSection
EndGlobal
